
Microsoft Visual Studio Solution File, Format Version 12.00
# Visual Studio Version 16
VisualStudioVersion = 16.0.31613.86
MinimumVisualStudioVersion = 10.0.40219.1
Project("{FAE04EC0-301F-11D3-BF4B-00C04F79EFBC}") = "5IV14", "5IV14\5IV14.csproj", "{6E4818C5-569A-4D11-A0FA-9DBDB9E91C1E}"
EndProject
Project("{FAE04EC0-301F-11D3-BF4B-00C04F79EFBC}") = "Clase01", "Clase01\Clase01.csproj", "{1404D786-EF79-472D-ADDB-F7C50220DD99}"
EndProject
Project("{FAE04EC0-301F-11D3-BF4B-00C04F79EFBC}") = "Clase02", "Clase02\Clase02.csproj", "{D30D8CAA-5E21-4D1A-9F6D-57E7972A6AAE}"
EndProject
Project("{FAE04EC0-301F-11D3-BF4B-00C04F79EFBC}") = "Clase03", "Clase03\Clase03.csproj", "{9E5B2F2E-A3C3-4334-82AD-9A4761D25741}"
EndProject
Project("{FAE04EC0-301F-11D3-BF4B-00C04F79EFBC}") = "PAgenda", "PAgenda\PAgenda.csproj", "{9A57EA8E-5BE6-4733-A263-1F1BD523417B}"
EndProject
Project("{FAE04EC0-301F-11D3-BF4B-00C04F79EFBC}") = "Clase04", "Clase04\Clase04.csproj", "{A86545D2-E866-4EC0-80A3-CDF87039CF7C}"
EndProject
Project("{FAE04EC0-301F-11D3-BF4B-00C04F79EFBC}") = "Clase05", "Clase05\Clase05.csproj", "{6D0A9BB5-DC9F-4D00-AE5F-D6C82FFEA025}"
EndProject
Global
	GlobalSection(SolutionConfigurationPlatforms) = preSolution
		Debug|Any CPU = Debug|Any CPU
		Release|Any CPU = Release|Any CPU
	EndGlobalSection
	GlobalSection(ProjectConfigurationPlatforms) = postSolution
		{6E4818C5-569A-4D11-A0FA-9DBDB9E91C1E}.Debug|Any CPU.ActiveCfg = Debug|Any CPU
		{6E4818C5-569A-4D11-A0FA-9DBDB9E91C1E}.Debug|Any CPU.Build.0 = Debug|Any CPU
		{6E4818C5-569A-4D11-A0FA-9DBDB9E91C1E}.Release|Any CPU.ActiveCfg = Release|Any CPU
		{6E4818C5-569A-4D11-A0FA-9DBDB9E91C1E}.Release|Any CPU.Build.0 = Release|Any CPU
		{1404D786-EF79-472D-ADDB-F7C50220DD99}.Debug|Any CPU.ActiveCfg = Debug|Any CPU
		{1404D786-EF79-472D-ADDB-F7C50220DD99}.Debug|Any CPU.Build.0 = Debug|Any CPU
		{1404D786-EF79-472D-ADDB-F7C50220DD99}.Release|Any CPU.ActiveCfg = Release|Any CPU
		{1404D786-EF79-472D-ADDB-F7C50220DD99}.Release|Any CPU.Build.0 = Release|Any CPU
		{D30D8CAA-5E21-4D1A-9F6D-57E7972A6AAE}.Debug|Any CPU.ActiveCfg = Debug|Any CPU
		{D30D8CAA-5E21-4D1A-9F6D-57E7972A6AAE}.Debug|Any CPU.Build.0 = Debug|Any CPU
		{D30D8CAA-5E21-4D1A-9F6D-57E7972A6AAE}.Release|Any CPU.ActiveCfg = Release|Any CPU
		{D30D8CAA-5E21-4D1A-9F6D-57E7972A6AAE}.Release|Any CPU.Build.0 = Release|Any CPU
		{9E5B2F2E-A3C3-4334-82AD-9A4761D25741}.Debug|Any CPU.ActiveCfg = Debug|Any CPU
		{9E5B2F2E-A3C3-4334-82AD-9A4761D25741}.Debug|Any CPU.Build.0 = Debug|Any CPU
		{9E5B2F2E-A3C3-4334-82AD-9A4761D25741}.Release|Any CPU.ActiveCfg = Release|Any CPU
		{9E5B2F2E-A3C3-4334-82AD-9A4761D25741}.Release|Any CPU.Build.0 = Release|Any CPU
		{9A57EA8E-5BE6-4733-A263-1F1BD523417B}.Debug|Any CPU.ActiveCfg = Debug|Any CPU
		{9A57EA8E-5BE6-4733-A263-1F1BD523417B}.Debug|Any CPU.Build.0 = Debug|Any CPU
		{9A57EA8E-5BE6-4733-A263-1F1BD523417B}.Release|Any CPU.ActiveCfg = Release|Any CPU
		{9A57EA8E-5BE6-4733-A263-1F1BD523417B}.Release|Any CPU.Build.0 = Release|Any CPU
		{A86545D2-E866-4EC0-80A3-CDF87039CF7C}.Debug|Any CPU.ActiveCfg = Debug|Any CPU
		{A86545D2-E866-4EC0-80A3-CDF87039CF7C}.Debug|Any CPU.Build.0 = Debug|Any CPU
		{A86545D2-E866-4EC0-80A3-CDF87039CF7C}.Release|Any CPU.ActiveCfg = Release|Any CPU
		{A86545D2-E866-4EC0-80A3-CDF87039CF7C}.Release|Any CPU.Build.0 = Release|Any CPU
		{6D0A9BB5-DC9F-4D00-AE5F-D6C82FFEA025}.Debug|Any CPU.ActiveCfg = Debug|Any CPU
		{6D0A9BB5-DC9F-4D00-AE5F-D6C82FFEA025}.Debug|Any CPU.Build.0 = Debug|Any CPU
		{6D0A9BB5-DC9F-4D00-AE5F-D6C82FFEA025}.Release|Any CPU.ActiveCfg = Release|Any CPU
		{6D0A9BB5-DC9F-4D00-AE5F-D6C82FFEA025}.Release|Any CPU.Build.0 = Release|Any CPU
	EndGlobalSection
	GlobalSection(SolutionProperties) = preSolution
		HideSolutionNode = FALSE
	EndGlobalSection
	GlobalSection(ExtensibilityGlobals) = postSolution
		SolutionGuid = {EC3E57F2-571F-4EA5-8207-3DDF2494B350}
	EndGlobalSection
EndGlobal
